// !$*UTF8*$!
{
	archiveVersion = 1;
	classes = {
	};
	objectVersion = 54;
	objects = {

/* Begin PBXBuildFile section */
		6B0AD5811EC2B38000427FED /* KRActivityIndicatorView.framework in Frameworks */ = {isa = PBXBuildFile; fileRef = 6B0AD5771EC2B38000427FED /* KRActivityIndicatorView.framework */; };
		6B0AD5861EC2B38000427FED /* KRActivityIndicatorViewTests.swift in Sources */ = {isa = PBXBuildFile; fileRef = 6B0AD5851EC2B38000427FED /* KRActivityIndicatorViewTests.swift */; };
		6B0AD5881EC2B38000427FED /* KRActivityIndicatorView.h in Headers */ = {isa = PBXBuildFile; fileRef = 6B0AD57A1EC2B38000427FED /* KRActivityIndicatorView.h */; settings = {ATTRIBUTES = (Public, ); }; };
		6B0AD59F1EC2B4F800427FED /* KRActivityIndicatorView.swift in Sources */ = {isa = PBXBuildFile; fileRef = 6B0AD59D1EC2B4F800427FED /* KRActivityIndicatorView.swift */; };
		6B0AD5A01EC2B4F800427FED /* KRActivityIndicatorViewStyle.swift in Sources */ = {isa = PBXBuildFile; fileRef = 6B0AD59E1EC2B4F800427FED /* KRActivityIndicatorViewStyle.swift */; };
		6B0AD5AB1EC2BA3700427FED /* KRActivityIndicatorView.swift in Headers */ = {isa = PBXBuildFile; fileRef = 6B0AD59D1EC2B4F800427FED /* KRActivityIndicatorView.swift */; settings = {ATTRIBUTES = (Public, ); }; };
		6B0AD5AC1EC2BA3700427FED /* KRActivityIndicatorViewStyle.swift in Headers */ = {isa = PBXBuildFile; fileRef = 6B0AD59E1EC2B4F800427FED /* KRActivityIndicatorViewStyle.swift */; settings = {ATTRIBUTES = (Public, ); }; };
		6BE071D22163C6E800BF81D1 /* Extensions.swift in Sources */ = {isa = PBXBuildFile; fileRef = 6BE071D12163C6E800BF81D1 /* Extensions.swift */; };
		6BE071D82163C80C00BF81D1 /* Nimble.framework in Frameworks */ = {isa = PBXBuildFile; fileRef = 6BE071D62163C80C00BF81D1 /* Nimble.framework */; };
		6BE071D92163C80C00BF81D1 /* Quick.framework in Frameworks */ = {isa = PBXBuildFile; fileRef = 6BE071D72163C80C00BF81D1 /* Quick.framework */; };
		6BE071DA2163C81600BF81D1 /* Nimble.framework in CopyFiles */ = {isa = PBXBuildFile; fileRef = 6BE071D62163C80C00BF81D1 /* Nimble.framework */; settings = {ATTRIBUTES = (CodeSignOnCopy, RemoveHeadersOnCopy, ); }; };
		6BE071DB2163C81600BF81D1 /* Quick.framework in CopyFiles */ = {isa = PBXBuildFile; fileRef = 6BE071D72163C80C00BF81D1 /* Quick.framework */; settings = {ATTRIBUTES = (CodeSignOnCopy, RemoveHeadersOnCopy, ); }; };
/* End PBXBuildFile section */

/* Begin PBXContainerItemProxy section */
		6B0AD5821EC2B38000427FED /* PBXContainerItemProxy */ = {
			isa = PBXContainerItemProxy;
			containerPortal = 6B0AD56E1EC2B38000427FED /* Project object */;
			proxyType = 1;
			remoteGlobalIDString = 6B0AD5761EC2B38000427FED;
			remoteInfo = KRActivityIndicatorView;
		};
/* End PBXContainerItemProxy section */

/* Begin PBXCopyFilesBuildPhase section */
		6BE071D42163C7B100BF81D1 /* CopyFiles */ = {
			isa = PBXCopyFilesBuildPhase;
			buildActionMask = 2147483647;
			dstPath = "";
			dstSubfolderSpec = 10;
			files = (
				6BE071DA2163C81600BF81D1 /* Nimble.framework in CopyFiles */,
				6BE071DB2163C81600BF81D1 /* Quick.framework in CopyFiles */,
			);
			runOnlyForDeploymentPostprocessing = 0;
		};
/* End PBXCopyFilesBuildPhase section */

/* Begin PBXFileReference section */
		6B0AD5771EC2B38000427FED /* KRActivityIndicatorView.framework */ = {isa = PBXFileReference; explicitFileType = wrapper.framework; includeInIndex = 0; path = KRActivityIndicatorView.framework; sourceTree = BUILT_PRODUCTS_DIR; };
		6B0AD57A1EC2B38000427FED /* KRActivityIndicatorView.h */ = {isa = PBXFileReference; lastKnownFileType = sourcecode.c.h; path = KRActivityIndicatorView.h; sourceTree = "<group>"; };
		6B0AD57B1EC2B38000427FED /* Info.plist */ = {isa = PBXFileReference; lastKnownFileType = text.plist.xml; path = Info.plist; sourceTree = "<group>"; };
		6B0AD5801EC2B38000427FED /* KRActivityIndicatorViewTests.xctest */ = {isa = PBXFileReference; explicitFileType = wrapper.cfbundle; includeInIndex = 0; path = KRActivityIndicatorViewTests.xctest; sourceTree = BUILT_PRODUCTS_DIR; };
		6B0AD5851EC2B38000427FED /* KRActivityIndicatorViewTests.swift */ = {isa = PBXFileReference; lastKnownFileType = sourcecode.swift; path = KRActivityIndicatorViewTests.swift; sourceTree = "<group>"; };
		6B0AD5871EC2B38000427FED /* Info.plist */ = {isa = PBXFileReference; lastKnownFileType = text.plist.xml; path = Info.plist; sourceTree = "<group>"; };
		6B0AD59D1EC2B4F800427FED /* KRActivityIndicatorView.swift */ = {isa = PBXFileReference; fileEncoding = 4; lastKnownFileType = sourcecode.swift; path = KRActivityIndicatorView.swift; sourceTree = "<group>"; };
		6B0AD59E1EC2B4F800427FED /* KRActivityIndicatorViewStyle.swift */ = {isa = PBXFileReference; fileEncoding = 4; lastKnownFileType = sourcecode.swift; path = KRActivityIndicatorViewStyle.swift; sourceTree = "<group>"; };
		6BE071D12163C6E800BF81D1 /* Extensions.swift */ = {isa = PBXFileReference; fileEncoding = 4; lastKnownFileType = sourcecode.swift; path = Extensions.swift; sourceTree = "<group>"; };
		6BE071D62163C80C00BF81D1 /* Nimble.framework */ = {isa = PBXFileReference; lastKnownFileType = wrapper.framework; name = Nimble.framework; path = Carthage/Build/iOS/Nimble.framework; sourceTree = "<group>"; };
		6BE071D72163C80C00BF81D1 /* Quick.framework */ = {isa = PBXFileReference; lastKnownFileType = wrapper.framework; name = Quick.framework; path = Carthage/Build/iOS/Quick.framework; sourceTree = "<group>"; };
/* End PBXFileReference section */

/* Begin PBXFrameworksBuildPhase section */
		6B0AD5731EC2B38000427FED /* Frameworks */ = {
			isa = PBXFrameworksBuildPhase;
			buildActionMask = 2147483647;
			files = (
			);
			runOnlyForDeploymentPostprocessing = 0;
		};
		6B0AD57D1EC2B38000427FED /* Frameworks */ = {
			isa = PBXFrameworksBuildPhase;
			buildActionMask = 2147483647;
			files = (
				6BE071D82163C80C00BF81D1 /* Nimble.framework in Frameworks */,
				6BE071D92163C80C00BF81D1 /* Quick.framework in Frameworks */,
				6B0AD5811EC2B38000427FED /* KRActivityIndicatorView.framework in Frameworks */,
			);
			runOnlyForDeploymentPostprocessing = 0;
		};
/* End PBXFrameworksBuildPhase section */

/* Begin PBXGroup section */
		6B0AD56D1EC2B38000427FED = {
			isa = PBXGroup;
			children = (
				6B0AD5791EC2B38000427FED /* KRActivityIndicatorView */,
				6B0AD5841EC2B38000427FED /* KRActivityIndicatorViewTests */,
				6B0AD5781EC2B38000427FED /* Products */,
				6BE071D52163C80B00BF81D1 /* Frameworks */,
			);
			sourceTree = "<group>";
		};
		6B0AD5781EC2B38000427FED /* Products */ = {
			isa = PBXGroup;
			children = (
				6B0AD5771EC2B38000427FED /* KRActivityIndicatorView.framework */,
				6B0AD5801EC2B38000427FED /* KRActivityIndicatorViewTests.xctest */,
			);
			name = Products;
			sourceTree = "<group>";
		};
		6B0AD5791EC2B38000427FED /* KRActivityIndicatorView */ = {
			isa = PBXGroup;
			children = (
				6B0AD57A1EC2B38000427FED /* KRActivityIndicatorView.h */,
				6B0AD57B1EC2B38000427FED /* Info.plist */,
				6B0AD59A1EC2B42B00427FED /* Classes */,
			);
			path = KRActivityIndicatorView;
			sourceTree = "<group>";
		};
		6B0AD5841EC2B38000427FED /* KRActivityIndicatorViewTests */ = {
			isa = PBXGroup;
			children = (
				6B0AD5851EC2B38000427FED /* KRActivityIndicatorViewTests.swift */,
				6B0AD5871EC2B38000427FED /* Info.plist */,
			);
			path = KRActivityIndicatorViewTests;
			sourceTree = "<group>";
		};
		6B0AD59A1EC2B42B00427FED /* Classes */ = {
			isa = PBXGroup;
			children = (
				6BE071D12163C6E800BF81D1 /* Extensions.swift */,
				6B0AD59D1EC2B4F800427FED /* KRActivityIndicatorView.swift */,
				6B0AD59E1EC2B4F800427FED /* KRActivityIndicatorViewStyle.swift */,
			);
			path = Classes;
			sourceTree = "<group>";
		};
		6BE071D52163C80B00BF81D1 /* Frameworks */ = {
			isa = PBXGroup;
			children = (
				6BE071D62163C80C00BF81D1 /* Nimble.framework */,
				6BE071D72163C80C00BF81D1 /* Quick.framework */,
			);
			name = Frameworks;
			sourceTree = "<group>";
		};
/* End PBXGroup section */

/* Begin PBXHeadersBuildPhase section */
		6B0AD5741EC2B38000427FED /* Headers */ = {
			isa = PBXHeadersBuildPhase;
			buildActionMask = 2147483647;
			files = (
				6B0AD5881EC2B38000427FED /* KRActivityIndicatorView.h in Headers */,
				6B0AD5AB1EC2BA3700427FED /* KRActivityIndicatorView.swift in Headers */,
				6B0AD5AC1EC2BA3700427FED /* KRActivityIndicatorViewStyle.swift in Headers */,
			);
			runOnlyForDeploymentPostprocessing = 0;
		};
/* End PBXHeadersBuildPhase section */

/* Begin PBXNativeTarget section */
		6B0AD5761EC2B38000427FED /* KRActivityIndicatorView */ = {
			isa = PBXNativeTarget;
			buildConfigurationList = 6B0AD58B1EC2B38000427FED /* Build configuration list for PBXNativeTarget "KRActivityIndicatorView" */;
			buildPhases = (
				6B0AD5721EC2B38000427FED /* Sources */,
				6B0AD5731EC2B38000427FED /* Frameworks */,
				6B0AD5741EC2B38000427FED /* Headers */,
				6B0AD5751EC2B38000427FED /* Resources */,
				6B0AD5A81EC2B84700427FED /* Swift Lint */,
			);
			buildRules = (
			);
			dependencies = (
			);
			name = KRActivityIndicatorView;
			productName = KRActivityIndicatorView;
			productReference = 6B0AD5771EC2B38000427FED /* KRActivityIndicatorView.framework */;
			productType = "com.apple.product-type.framework";
		};
		6B0AD57F1EC2B38000427FED /* KRActivityIndicatorViewTests */ = {
			isa = PBXNativeTarget;
			buildConfigurationList = 6B0AD58E1EC2B38000427FED /* Build configuration list for PBXNativeTarget "KRActivityIndicatorViewTests" */;
			buildPhases = (
				6B0AD57C1EC2B38000427FED /* Sources */,
				6B0AD57D1EC2B38000427FED /* Frameworks */,
				6B0AD57E1EC2B38000427FED /* Resources */,
				6BE071D42163C7B100BF81D1 /* CopyFiles */,
			);
			buildRules = (
			);
			dependencies = (
				6B0AD5831EC2B38000427FED /* PBXTargetDependency */,
			);
			name = KRActivityIndicatorViewTests;
			productName = KRActivityIndicatorViewTests;
			productReference = 6B0AD5801EC2B38000427FED /* KRActivityIndicatorViewTests.xctest */;
			productType = "com.apple.product-type.bundle.unit-test";
		};
/* End PBXNativeTarget section */

/* Begin PBXProject section */
		6B0AD56E1EC2B38000427FED /* Project object */ = {
			isa = PBXProject;
			attributes = {
				LastSwiftUpdateCheck = 0830;
				LastUpgradeCheck = 1200;
				ORGANIZATIONNAME = Krimpedance;
				TargetAttributes = {
					6B0AD5761EC2B38000427FED = {
						CreatedOnToolsVersion = 8.3.2;
						LastSwiftMigration = 0830;
						ProvisioningStyle = Automatic;
					};
					6B0AD57F1EC2B38000427FED = {
						CreatedOnToolsVersion = 8.3.2;
						DevelopmentTeam = C9S69ME8A5;
						LastSwiftMigration = 1000;
						ProvisioningStyle = Automatic;
					};
				};
			};
			buildConfigurationList = 6B0AD5711EC2B38000427FED /* Build configuration list for PBXProject "KRActivityIndicatorView" */;
			compatibilityVersion = "Xcode 12.0";
			developmentRegion = en;
			hasScannedForEncodings = 0;
			knownRegions = (
				en,
				Base,
			);
			mainGroup = 6B0AD56D1EC2B38000427FED;
			productRefGroup = 6B0AD5781EC2B38000427FED /* Products */;
			projectDirPath = "";
			projectRoot = "";
			targets = (
				6B0AD5761EC2B38000427FED /* KRActivityIndicatorView */,
				6B0AD57F1EC2B38000427FED /* KRActivityIndicatorViewTests */,
			);
		};
/* End PBXProject section */

/* Begin PBXResourcesBuildPhase section */
		6B0AD5751EC2B38000427FED /* Resources */ = {
			isa = PBXResourcesBuildPhase;
			buildActionMask = 2147483647;
			files = (
			);
			runOnlyForDeploymentPostprocessing = 0;
		};
		6B0AD57E1EC2B38000427FED /* Resources */ = {
			isa = PBXResourcesBuildPhase;
			buildActionMask = 2147483647;
			files = (
			);
			runOnlyForDeploymentPostprocessing = 0;
		};
/* End PBXResourcesBuildPhase section */

/* Begin PBXShellScriptBuildPhase section */
		6B0AD5A81EC2B84700427FED /* Swift Lint */ = {
			isa = PBXShellScriptBuildPhase;
			buildActionMask = 2147483647;
			files = (
			);
			inputPaths = (
			);
			name = "Swift Lint";
			outputPaths = (
			);
			runOnlyForDeploymentPostprocessing = 0;
			shellPath = /bin/sh;
			shellScript = "if which swiftlint >/dev/null; then\n  swiftlint\nelse\n  echo \"SwiftLint does not exist, download from https://github.com/realm/SwiftLint\"\nfi\n";
		};
/* End PBXShellScriptBuildPhase section */

/* Begin PBXSourcesBuildPhase section */
		6B0AD5721EC2B38000427FED /* Sources */ = {
			isa = PBXSourcesBuildPhase;
			buildActionMask = 2147483647;
			files = (
				6B0AD5A01EC2B4F800427FED /* KRActivityIndicatorViewStyle.swift in Sources */,
				6BE071D22163C6E800BF81D1 /* Extensions.swift in Sources */,
				6B0AD59F1EC2B4F800427FED /* KRActivityIndicatorView.swift in Sources */,
			);
			runOnlyForDeploymentPostprocessing = 0;
		};
		6B0AD57C1EC2B38000427FED /* Sources */ = {
			isa = PBXSourcesBuildPhase;
			buildActionMask = 2147483647;
			files = (
				6B0AD5861EC2B38000427FED /* KRActivityIndicatorViewTests.swift in Sources */,
			);
			runOnlyForDeploymentPostprocessing = 0;
		};
/* End PBXSourcesBuildPhase section */

/* Begin PBXTargetDependency section */
		6B0AD5831EC2B38000427FED /* PBXTargetDependency */ = {
			isa = PBXTargetDependency;
			target = 6B0AD5761EC2B38000427FED /* KRActivityIndicatorView */;
			targetProxy = 6B0AD5821EC2B38000427FED /* PBXContainerItemProxy */;
		};
/* End PBXTargetDependency section */

/* Begin XCBuildConfiguration section */
		6B0AD5891EC2B38000427FED /* Debug */ = {
			isa = XCBuildConfiguration;
			buildSettings = {
				ALWAYS_SEARCH_USER_PATHS = NO;
				CLANG_ANALYZER_LOCALIZABILITY_NONLOCALIZED = YES;
				CLANG_ANALYZER_NONNULL = YES;
				CLANG_ANALYZER_NUMBER_OBJECT_CONVERSION = YES_AGGRESSIVE;
				CLANG_CXX_LANGUAGE_STANDARD = "gnu++0x";
				CLANG_CXX_LIBRARY = "libc++";
				CLANG_ENABLE_MODULES = YES;
				CLANG_ENABLE_OBJC_ARC = YES;
				CLANG_WARN_BLOCK_CAPTURE_AUTORELEASING = YES;
				CLANG_WARN_BOOL_CONVERSION = YES;
				CLANG_WARN_COMMA = YES;
				CLANG_WARN_CONSTANT_CONVERSION = YES;
				CLANG_WARN_DEPRECATED_OBJC_IMPLEMENTATIONS = YES;
				CLANG_WARN_DIRECT_OBJC_ISA_USAGE = YES_ERROR;
				CLANG_WARN_DOCUMENTATION_COMMENTS = YES;
				CLANG_WARN_EMPTY_BODY = YES;
				CLANG_WARN_ENUM_CONVERSION = YES;
				CLANG_WARN_INFINITE_RECURSION = YES;
				CLANG_WARN_INT_CONVERSION = YES;
				CLANG_WARN_NON_LITERAL_NULL_CONVERSION = YES;
				CLANG_WARN_OBJC_IMPLICIT_RETAIN_SELF = YES;
				CLANG_WARN_OBJC_LITERAL_CONVERSION = YES;
				CLANG_WARN_OBJC_ROOT_CLASS = YES_ERROR;
				CLANG_WARN_QUOTED_INCLUDE_IN_FRAMEWORK_HEADER = YES;
				CLANG_WARN_RANGE_LOOP_ANALYSIS = YES;
				CLANG_WARN_STRICT_PROTOTYPES = YES;
				CLANG_WARN_SUSPICIOUS_MOVE = YES;
				CLANG_WARN_UNREACHABLE_CODE = YES;
				CLANG_WARN__DUPLICATE_METHOD_MATCH = YES;
				"CODE_SIGN_IDENTITY[sdk=iphoneos*]" = "iPhone Developer";
				COPY_PHASE_STRIP = NO;
				CURRENT_PROJECT_VERSION = 1;
				DEBUG_INFORMATION_FORMAT = dwarf;
				ENABLE_STRICT_OBJC_MSGSEND = YES;
				ENABLE_TESTABILITY = YES;
				GCC_C_LANGUAGE_STANDARD = gnu99;
				GCC_DYNAMIC_NO_PIC = NO;
				GCC_NO_COMMON_BLOCKS = YES;
				GCC_OPTIMIZATION_LEVEL = 0;
				GCC_PREPROCESSOR_DEFINITIONS = (
					"DEBUG=1",
					"$(inherited)",
				);
				GCC_WARN_64_TO_32_BIT_CONVERSION = YES;
				GCC_WARN_ABOUT_RETURN_TYPE = YES_ERROR;
				GCC_WARN_UNDECLARED_SELECTOR = YES;
				GCC_WARN_UNINITIALIZED_AUTOS = YES_AGGRESSIVE;
				GCC_WARN_UNUSED_FUNCTION = YES;
				GCC_WARN_UNUSED_VARIABLE = YES;
				IPHONEOS_DEPLOYMENT_TARGET = 14.0;
				MTL_ENABLE_DEBUG_INFO = YES;
				ONLY_ACTIVE_ARCH = YES;
				SDKROOT = iphoneos;
				SWIFT_ACTIVE_COMPILATION_CONDITIONS = DEBUG;
				SWIFT_COMPILATION_MODE = singlefile;
				SWIFT_OPTIMIZATION_LEVEL = "-Onone";
				SWIFT_VERSION = 5.0;
				TARGETED_DEVICE_FAMILY = "1,2";
				VERSIONING_SYSTEM = "apple-generic";
				VERSION_INFO_PREFIX = "";
			};
			name = Debug;
		};
		6B0AD58A1EC2B38000427FED /* Release */ = {
			isa = XCBuildConfiguration;
			buildSettings = {
				ALWAYS_SEARCH_USER_PATHS = NO;
				CLANG_ANALYZER_LOCALIZABILITY_NONLOCALIZED = YES;
				CLANG_ANALYZER_NONNULL = YES;
				CLANG_ANALYZER_NUMBER_OBJECT_CONVERSION = YES_AGGRESSIVE;
				CLANG_CXX_LANGUAGE_STANDARD = "gnu++0x";
				CLANG_CXX_LIBRARY = "libc++";
				CLANG_ENABLE_MODULES = YES;
				CLANG_ENABLE_OBJC_ARC = YES;
				CLANG_WARN_BLOCK_CAPTURE_AUTORELEASING = YES;
				CLANG_WARN_BOOL_CONVERSION = YES;
				CLANG_WARN_COMMA = YES;
				CLANG_WARN_CONSTANT_CONVERSION = YES;
				CLANG_WARN_DEPRECATED_OBJC_IMPLEMENTATIONS = YES;
				CLANG_WARN_DIRECT_OBJC_ISA_USAGE = YES_ERROR;
				CLANG_WARN_DOCUMENTATION_COMMENTS = YES;
				CLANG_WARN_EMPTY_BODY = YES;
				CLANG_WARN_ENUM_CONVERSION = YES;
				CLANG_WARN_INFINITE_RECURSION = YES;
				CLANG_WARN_INT_CONVERSION = YES;
				CLANG_WARN_NON_LITERAL_NULL_CONVERSION = YES;
				CLANG_WARN_OBJC_IMPLICIT_RETAIN_SELF = YES;
				CLANG_WARN_OBJC_LITERAL_CONVERSION = YES;
				CLANG_WARN_OBJC_ROOT_CLASS = YES_ERROR;
				CLANG_WARN_QUOTED_INCLUDE_IN_FRAMEWORK_HEADER = YES;
				CLANG_WARN_RANGE_LOOP_ANALYSIS = YES;
				CLANG_WARN_STRICT_PROTOTYPES = YES;
				CLANG_WARN_SUSPICIOUS_MOVE = YES;
				CLANG_WARN_UNREACHABLE_CODE = YES;
				CLANG_WARN__DUPLICATE_METHOD_MATCH = YES;
				"CODE_SIGN_IDENTITY[sdk=iphoneos*]" = "iPhone Developer";
				COPY_PHASE_STRIP = NO;
				CURRENT_PROJECT_VERSION = 1;
				DEBUG_INFORMATION_FORMAT = "dwarf-with-dsym";
				ENABLE_NS_ASSERTIONS = NO;
				ENABLE_STRICT_OBJC_MSGSEND = YES;
				GCC_C_LANGUAGE_STANDARD = gnu99;
				GCC_NO_COMMON_BLOCKS = YES;
				GCC_WARN_64_TO_32_BIT_CONVERSION = YES;
				GCC_WARN_ABOUT_RETURN_TYPE = YES_ERROR;
				GCC_WARN_UNDECLARED_SELECTOR = YES;
				GCC_WARN_UNINITIALIZED_AUTOS = YES_AGGRESSIVE;
				GCC_WARN_UNUSED_FUNCTION = YES;
				GCC_WARN_UNUSED_VARIABLE = YES;
				IPHONEOS_DEPLOYMENT_TARGET = 14.0;
				MTL_ENABLE_DEBUG_INFO = NO;
				SDKROOT = iphoneos;
				SWIFT_COMPILATION_MODE = wholemodule;
				SWIFT_OPTIMIZATION_LEVEL = "-O";
				SWIFT_VERSION = 5.0;
				TARGETED_DEVICE_FAMILY = "1,2";
				VALIDATE_PRODUCT = YES;
				VERSIONING_SYSTEM = "apple-generic";
				VERSION_INFO_PREFIX = "";
			};
			name = Release;
		};
		6B0AD58C1EC2B38000427FED /* Debug */ = {
			isa = XCBuildConfiguration;
			buildSettings = {
				CLANG_ENABLE_MODULES = YES;
				CODE_SIGN_IDENTITY = "";
				CURRENT_PROJECT_VERSION = 3.0.7;
				DEFINES_MODULE = YES;
				DEVELOPMENT_TEAM = "";
				DYLIB_COMPATIBILITY_VERSION = 1;
				DYLIB_CURRENT_VERSION = 1;
				DYLIB_INSTALL_NAME_BASE = "@rpath";
				INFOPLIST_FILE = KRActivityIndicatorView/Info.plist;
				INSTALL_PATH = "$(LOCAL_LIBRARY_DIR)/Frameworks";
				IPHONEOS_DEPLOYMENT_TARGET = 9.0;
				"IPHONEOS_DEPLOYMENT_TARGET[sdk=macosx*]" = 13.1;
				LD_RUNPATH_SEARCH_PATHS = (
					"$(inherited)",
					"@executable_path/Frameworks",
					"@loader_path/Frameworks",
				);
				MARKETING_VERSION = 3.0.7;
				PRODUCT_BUNDLE_IDENTIFIER = com.krimpedance.KRActivityIndicatorView;
				PRODUCT_NAME = "$(TARGET_NAME)";
				SKIP_INSTALL = YES;
				SWIFT_COMPILATION_MODE = singlefile;
				SWIFT_OPTIMIZATION_LEVEL = "-Onone";
				SWIFT_VERSION = 5.0;
			};
			name = Debug;
		};
		6B0AD58D1EC2B38000427FED /* Release */ = {
			isa = XCBuildConfiguration;
			buildSettings = {
				CLANG_ENABLE_MODULES = YES;
				CODE_SIGN_IDENTITY = "";
				CURRENT_PROJECT_VERSION = 3.0.7;
				DEFINES_MODULE = YES;
				DEVELOPMENT_TEAM = "";
				DYLIB_COMPATIBILITY_VERSION = 1;
				DYLIB_CURRENT_VERSION = 1;
				DYLIB_INSTALL_NAME_BASE = "@rpath";
				INFOPLIST_FILE = KRActivityIndicatorView/Info.plist;
				INSTALL_PATH = "$(LOCAL_LIBRARY_DIR)/Frameworks";
				IPHONEOS_DEPLOYMENT_TARGET = 9.0;
				"IPHONEOS_DEPLOYMENT_TARGET[sdk=macosx*]" = 13.1;
				LD_RUNPATH_SEARCH_PATHS = (
					"$(inherited)",
					"@executable_path/Frameworks",
					"@loader_path/Frameworks",
				);
				MARKETING_VERSION = 3.0.7;
				PRODUCT_BUNDLE_IDENTIFIER = com.krimpedance.KRActivityIndicatorView;
				PRODUCT_NAME = "$(TARGET_NAME)";
				SKIP_INSTALL = YES;
				SWIFT_VERSION = 5.0;
			};
			name = Release;
		};
		6B0AD58F1EC2B38000427FED /* Debug */ = {
			isa = XCBuildConfiguration;
			buildSettings = {
				ALWAYS_EMBED_SWIFT_STANDARD_LIBRARIES = YES;
				DEVELOPMENT_TEAM = C9S69ME8A5;
				FRAMEWORK_SEARCH_PATHS = (
					"$(inherited)",
					"$(PROJECT_DIR)/Carthage/Build/iOS",
				);
				INFOPLIST_FILE = KRActivityIndicatorViewTests/Info.plist;
				IPHONEOS_DEPLOYMENT_TARGET = 12.0;
				LD_RUNPATH_SEARCH_PATHS = (
					"$(inherited)",
					"@executable_path/Frameworks",
					"@loader_path/Frameworks",
				);
				PRODUCT_BUNDLE_IDENTIFIER = com.krimpedance.KRActivityIndicatorViewTests;
				PRODUCT_NAME = "$(TARGET_NAME)";
				SWIFT_VERSION = 5.0;
			};
			name = Debug;
		};
		6B0AD5901EC2B38000427FED /* Release */ = {
			isa = XCBuildConfiguration;
			buildSettings = {
				ALWAYS_EMBED_SWIFT_STANDARD_LIBRARIES = YES;
				DEVELOPMENT_TEAM = C9S69ME8A5;
				FRAMEWORK_SEARCH_PATHS = (
					"$(inherited)",
					"$(PROJECT_DIR)/Carthage/Build/iOS",
				);
				INFOPLIST_FILE = KRActivityIndicatorViewTests/Info.plist;
				IPHONEOS_DEPLOYMENT_TARGET = 12.0;
				LD_RUNPATH_SEARCH_PATHS = (
					"$(inherited)",
					"@executable_path/Frameworks",
					"@loader_path/Frameworks",
				);
				PRODUCT_BUNDLE_IDENTIFIER = com.krimpedance.KRActivityIndicatorViewTests;
				PRODUCT_NAME = "$(TARGET_NAME)";
				SWIFT_VERSION = 5.0;
			};
			name = Release;
		};
/* End XCBuildConfiguration section */

/* Begin XCConfigurationList section */
		6B0AD5711EC2B38000427FED /* Build configuration list for PBXProject "KRActivityIndicatorView" */ = {
			isa = XCConfigurationList;
			buildConfigurations = (
				6B0AD5891EC2B38000427FED /* Debug */,
				6B0AD58A1EC2B38000427FED /* Release */,
			);
			defaultConfigurationIsVisible = 0;
			defaultConfigurationName = Release;
		};
		6B0AD58B1EC2B38000427FED /* Build configuration list for PBXNativeTarget "KRActivityIndicatorView" */ = {
			isa = XCConfigurationList;
			buildConfigurations = (
				6B0AD58C1EC2B38000427FED /* Debug */,
				6B0AD58D1EC2B38000427FED /* Release */,
			);
			defaultConfigurationIsVisible = 0;
			defaultConfigurationName = Release;
		};
		6B0AD58E1EC2B38000427FED /* Build configuration list for PBXNativeTarget "KRActivityIndicatorViewTests" */ = {
			isa = XCConfigurationList;
			buildConfigurations = (
				6B0AD58F1EC2B38000427FED /* Debug */,
				6B0AD5901EC2B38000427FED /* Release */,
			);
			defaultConfigurationIsVisible = 0;
			defaultConfigurationName = Release;
		};
/* End XCConfigurationList section */
	};
	rootObject = 6B0AD56E1EC2B38000427FED /* Project object */;
}
